{
    "_meta": {
        "hash": {
            "sha256": "3fbd2ae2ebe84c0c3c6779a3a60fa8ca80beb3b0481df9e37fb0eea477b07f6d"
        },
        "pipfile-spec": 6,
        "requires": {
            "python_version": "3.9"
        },
        "sources": [
            {
                "name": "pypi",
                "url": "https://pypi.python.org/simple",
                "verify_ssl": true
            }
        ]
    },
    "default": {
        "pypubsub": {
            "hashes": [
                "sha256:7f716bae9388afe01ff82b264ba8a96a8ae78b42bb1f114f2716ca8f9e404e2a"
            ],
            "index": "pypi",
            "version": "==4.0.3"
        }
    },
    "develop": {}
}
